
Microsoft Visual Studio Solution File, Format Version 12.00
# Visual Studio Version 17
VisualStudioVersion = 17.2.32526.322
MinimumVisualStudioVersion = 10.0.40219.1
Project("{FAE04EC0-301F-11D3-BF4B-00C04F79EFBC}") = "BackAgosto", "BackAgosto.csproj", "{10D1F591-9D8E-4398-978B-28B80D3B7009}"
EndProject
Global
	GlobalSection(SolutionConfigurationPlatforms) = preSolution
		Debug|Any CPU = Debug|Any CPU
		Release|Any CPU = Release|Any CPU
	EndGlobalSection
	GlobalSection(ProjectConfigurationPlatforms) = postSolution
		{10D1F591-9D8E-4398-978B-28B80D3B7009}.Debug|Any CPU.ActiveCfg = Debug|Any CPU
		{10D1F591-9D8E-4398-978B-28B80D3B7009}.Debug|Any CPU.Build.0 = Debug|Any CPU
		{10D1F591-9D8E-4398-978B-28B80D3B7009}.Release|Any CPU.ActiveCfg = Release|Any CPU
		{10D1F591-9D8E-4398-978B-28B80D3B7009}.Release|Any CPU.Build.0 = Release|Any CPU
	EndGlobalSection
	GlobalSection(SolutionProperties) = preSolution
		HideSolutionNode = FALSE
	EndGlobalSection
	GlobalSection(ExtensibilityGlobals) = postSolution
		SolutionGuid = {B4E892A1-C843-4E52-A661-273B722A5679}
	EndGlobalSection
EndGlobal
